PODS:
  - HockeySDK/CrashOnlyLib (4.1.6)
  - Mapzen-ios-sdk (1.1.1):
    - Mapzen-ios-sdk/Core (= 1.1.1)
  - Mapzen-ios-sdk/Core (1.1.1):
    - OnTheRoad (~> 1.0.1)
    - Pelias (~> 1.0.2)
    - Tangram-es (~> 0.9.1)
  - OnTheRoad (1.0.1)
  - Pelias (1.0.2):
    - Pelias/Core (= 1.0.2)
  - Pelias/Core (1.0.2)
  - Tangram-es (0.9.6)

DEPENDENCIES:
  - HockeySDK/CrashOnlyLib (~> 4.1.4)
  - Mapzen-ios-sdk (from `.`)

SPEC REPOS:
  trunk:
    - HockeySDK
    - OnTheRoad
    - Pelias
    - Tangram-es

EXTERNAL SOURCES:
  Mapzen-ios-sdk:
    :path: "."

SPEC CHECKSUMS:
  HockeySDK: fe29c465a30b7a81b0d50ba2aaee51e65d97f4bb
  Mapzen-ios-sdk: 67ef75c9105510101ebfd0ef10828df01cacd4c5
  OnTheRoad: 8327bc6f0c2c698103b632a035438cc3c69b62d7
  Pelias: 3cda3c78c6c1882a1163e500c76a1ee35c5e0edd
  Tangram-es: ce73cfe035998ae7e7905e6fbc2fbefa0d8c3033

PODFILE CHECKSUM: cb8163d99be0602b23d29016872a6211a1841360

COCOAPODS: 1.10.1
